
Microsoft Visual Studio Solution File, Format Version 11.00
# Visual Studio 2010
# SharpDevelop 4.3
Project("{FAE04EC0-301F-11D3-BF4B-00C04F79EFBC}") = "aixm-bindings-sharp", "aixm-bindings-sharp\aixm-bindings-sharp.csproj", "{3EAB031C-F509-4F53-A7C3-41C2AD038C05}"
EndProject
Global
	GlobalSection(SolutionConfigurationPlatforms) = preSolution
		Debug|Any CPU = Debug|Any CPU
		Release|Any CPU = Release|Any CPU
	EndGlobalSection
	GlobalSection(ProjectConfigurationPlatforms) = postSolution
		{3EAB031C-F509-4F53-A7C3-41C2AD038C05}.Debug|Any CPU.Build.0 = Debug|Any CPU
		{3EAB031C-F509-4F53-A7C3-41C2AD038C05}.Debug|Any CPU.ActiveCfg = Debug|Any CPU
		{3EAB031C-F509-4F53-A7C3-41C2AD038C05}.Release|Any CPU.Build.0 = Release|Any CPU
		{3EAB031C-F509-4F53-A7C3-41C2AD038C05}.Release|Any CPU.ActiveCfg = Release|Any CPU
	EndGlobalSection
EndGlobal
